{
  "name": "electron-notification-state",
  "version": "2.0.0",
  "lockfileVersion": 3,
  "requires": true,
  "packages": {
    "": {
      "name": "electron-notification-state",
      "version": "2.0.0",
      "license": "MIT",
      "dependencies": {
        "macos-notification-state": "^2.0.2",
        "windows-notification-state": "^2.0.0",
        "windows-quiet-hours": "^2.0.0"
      },
      "devDependencies": {
        "@types/node": "^18.11.17",
        "typescript": "^4.9.4"
      }
    },
    "node_modules/@types/node": {
      "version": "18.11.17",
      "resolved": "https://registry.npmjs.org/@types/node/-/node-18.11.17.tgz",
      "integrity": "sha512-HJSUJmni4BeDHhfzn6nF0sVmd1SMezP7/4F0Lq+aXzmp2xm9O7WXrUtHW/CHlYVtZUbByEvWidHqRtcJXGF2Ng==",
      "dev": true
    },
    "node_modules/bindings": {
      "version": "1.5.0",
      "resolved": "https://registry.npmjs.org/bindings/-/bindings-1.5.0.tgz",
      "integrity": "sha512-p2q/t/mhvuOj/UeLlV6566GD/guowlr0hHxClI0W9m7MWYkL1F0hLo+0Aexs9HSPCtR1SXQ0TD3MMKrXZajbiQ==",
      "dependencies": {
        "file-uri-to-path": "1.0.0"
      }
    },
    "node_modules/file-uri-to-path": {
      "version": "1.0.0",
      "resolved": "https://registry.npmjs.org/file-uri-to-path/-/file-uri-to-path-1.0.0.tgz",
      "integrity": "sha512-0Zt+s3L7Vf1biwWZ29aARiVYLx7iMGnEUl9x33fbB/j3jR81u/O2LbqK+Bm1CDSNDKVtJ/YjwY7TUd5SkeLQLw=="
    },
    "node_modules/macos-notification-state": {
      "version": "2.0.2",
      "resolved": "https://registry.npmjs.org/macos-notification-state/-/macos-notification-state-2.0.2.tgz",
      "integrity": "sha512-rTKda+694hvxXm4s00I5LEwlQxGwwCZKaCXogxEXyGagmsP7mGfLiyoI6MX360GQ0V6lmHOCqivg4LLQPFYb6A==",
      "hasInstallScript": true,
      "dependencies": {
        "bindings": "^1.5.0"
      }
    },
    "node_modules/node-addon-api": {
      "version": "5.0.0",
      "resolved": "https://registry.npmjs.org/node-addon-api/-/node-addon-api-5.0.0.tgz",
      "integrity": "sha512-CvkDw2OEnme7ybCykJpVcKH+uAOLV2qLqiyla128dN9TkEWfrYmxG6C2boDe5KcNQqZF3orkqzGgOMvZ/JNekA=="
    },
    "node_modules/typescript": {
      "version": "4.9.4",
      "resolved": "https://registry.npmjs.org/typescript/-/typescript-4.9.4.tgz",
      "integrity": "sha512-Uz+dTXYzxXXbsFpM86Wh3dKCxrQqUcVMxwU54orwlJjOpO3ao8L7j5lH+dWfTwgCwIuM9GQ2kvVotzYJMXTBZg==",
      "dev": true,
      "bin": {
        "tsc": "bin/tsc",
        "tsserver": "bin/tsserver"
      },
      "engines": {
        "node": ">=4.2.0"
      }
    },
    "node_modules/windows-notification-state": {
      "version": "2.0.0",
      "resolved": "https://registry.npmjs.org/windows-notification-state/-/windows-notification-state-2.0.0.tgz",
      "integrity": "sha512-8c2DQBZw8wgCU73a7oLp+YfzbLAxLa3D7OONXpfH3Rk2r2lEH+1NIvw7gYUVxior8zXpFu6WCgzjcARwbaRl/w==",
      "hasInstallScript": true,
      "dependencies": {
        "bindings": "^1.5.0",
        "node-addon-api": "^5.0.0"
      }
    },
    "node_modules/windows-quiet-hours": {
      "version": "2.0.0",
      "resolved": "https://registry.npmjs.org/windows-quiet-hours/-/windows-quiet-hours-2.0.0.tgz",
      "integrity": "sha512-ANHLNqcsaA0w6iRkKbN5iYu0kNq5ByPAOxBsFzIUi6efdmCDskum8XnsRBnK/ASzPsjfEJUXttbQ75lJjTF8vA==",
      "hasInstallScript": true,
      "dependencies": {
        "bindings": "^1.5.0",
        "node-addon-api": "*"
      }
    }
  }
}
